
Microsoft Visual Studio Solution File, Format Version 12.00
# Visual Studio 14
VisualStudioVersion = 14.0.24720.0
MinimumVisualStudioVersion = 10.0.40219.1
Project("{FAE04EC0-301F-11D3-BF4B-00C04F79EFBC}") = "XamarinOAuthIdentityserver.Droid", "XamarinOAuthIdentityserver\XamarinOAuthIdentityserver.Droid\XamarinOAuthIdentityserver.Droid.csproj", "{1C76C71F-F98A-4427-8CE1-69BA7C70FA29}"
EndProject
Project("{D954291E-2A0B-460D-934E-DC6B0785DB48}") = "XamarinOAuthIdentityserver", "XamarinOAuthIdentityserver\XamarinOAuthIdentityserver\XamarinOAuthIdentityserver.shproj", "{DE69A3F9-63DC-480B-87C8-BAC34B10DEE3}"
EndProject
Project("{FAE04EC0-301F-11D3-BF4B-00C04F79EFBC}") = "Identityserver", "Identityserver\Identityserver.csproj", "{FC1504C1-078E-4EA8-9080-88B94460B00C}"
EndProject
Global
	GlobalSection(SharedMSBuildProjectFiles) = preSolution
		XamarinOAuthIdentityserver\XamarinOAuthIdentityserver\XamarinOAuthIdentityserver.projitems*{1c76c71f-f98a-4427-8ce1-69ba7c70fa29}*SharedItemsImports = 4
		XamarinOAuthIdentityserver\XamarinOAuthIdentityserver\XamarinOAuthIdentityserver.projitems*{de69a3f9-63dc-480b-87c8-bac34b10dee3}*SharedItemsImports = 13
	EndGlobalSection
	GlobalSection(SolutionConfigurationPlatforms) = preSolution
		Ad-Hoc|Any CPU = Ad-Hoc|Any CPU
		Ad-Hoc|ARM = Ad-Hoc|ARM
		Ad-Hoc|iPhone = Ad-Hoc|iPhone
		Ad-Hoc|iPhoneSimulator = Ad-Hoc|iPhoneSimulator
		Ad-Hoc|x64 = Ad-Hoc|x64
		Ad-Hoc|x86 = Ad-Hoc|x86
		AppStore|Any CPU = AppStore|Any CPU
		AppStore|ARM = AppStore|ARM
		AppStore|iPhone = AppStore|iPhone
		AppStore|iPhoneSimulator = AppStore|iPhoneSimulator
		AppStore|x64 = AppStore|x64
		AppStore|x86 = AppStore|x86
		Debug|Any CPU = Debug|Any CPU
		Debug|ARM = Debug|ARM
		Debug|iPhone = Debug|iPhone
		Debug|iPhoneSimulator = Debug|iPhoneSimulator
		Debug|x64 = Debug|x64
		Debug|x86 = Debug|x86
		Release|Any CPU = Release|Any CPU
		Release|ARM = Release|ARM
		Release|iPhone = Release|iPhone
		Release|iPhoneSimulator = Release|iPhoneSimulator
		Release|x64 = Release|x64
		Release|x86 = Release|x86
	EndGlobalSection
	GlobalSection(ProjectConfigurationPlatforms) = postSolution
		{1C76C71F-F98A-4427-8CE1-69BA7C70FA29}.Ad-Hoc|Any CPU.ActiveCfg = Release|Any CPU
		{1C76C71F-F98A-4427-8CE1-69BA7C70FA29}.Ad-Hoc|Any CPU.Build.0 = Release|Any CPU
		{1C76C71F-F98A-4427-8CE1-69BA7C70FA29}.Ad-Hoc|Any CPU.Deploy.0 = Release|Any CPU
		{1C76C71F-F98A-4427-8CE1-69BA7C70FA29}.Ad-Hoc|ARM.ActiveCfg = Release|Any CPU
		{1C76C71F-F98A-4427-8CE1-69BA7C70FA29}.Ad-Hoc|ARM.Build.0 = Release|Any CPU
		{1C76C71F-F98A-4427-8CE1-69BA7C70FA29}.Ad-Hoc|ARM.Deploy.0 = Release|Any CPU
		{1C76C71F-F98A-4427-8CE1-69BA7C70FA29}.Ad-Hoc|iPhone.ActiveCfg = Release|Any CPU
		{1C76C71F-F98A-4427-8CE1-69BA7C70FA29}.Ad-Hoc|iPhone.Build.0 = Release|Any CPU
		{1C76C71F-F98A-4427-8CE1-69BA7C70FA29}.Ad-Hoc|iPhone.Deploy.0 = Release|Any CPU
		{1C76C71F-F98A-4427-8CE1-69BA7C70FA29}.Ad-Hoc|iPhoneSimulator.ActiveCfg = Release|Any CPU
		{1C76C71F-F98A-4427-8CE1-69BA7C70FA29}.Ad-Hoc|iPhoneSimulator.Build.0 = Release|Any CPU
		{1C76C71F-F98A-4427-8CE1-69BA7C70FA29}.Ad-Hoc|iPhoneSimulator.Deploy.0 = Release|Any CPU
		{1C76C71F-F98A-4427-8CE1-69BA7C70FA29}.Ad-Hoc|x64.ActiveCfg = Release|Any CPU
		{1C76C71F-F98A-4427-8CE1-69BA7C70FA29}.Ad-Hoc|x64.Build.0 = Release|Any CPU
		{1C76C71F-F98A-4427-8CE1-69BA7C70FA29}.Ad-Hoc|x64.Deploy.0 = Release|Any CPU
		{1C76C71F-F98A-4427-8CE1-69BA7C70FA29}.Ad-Hoc|x86.ActiveCfg = Release|Any CPU
		{1C76C71F-F98A-4427-8CE1-69BA7C70FA29}.Ad-Hoc|x86.Build.0 = Release|Any CPU
		{1C76C71F-F98A-4427-8CE1-69BA7C70FA29}.Ad-Hoc|x86.Deploy.0 = Release|Any CPU
		{1C76C71F-F98A-4427-8CE1-69BA7C70FA29}.AppStore|Any CPU.ActiveCfg = Release|Any CPU
		{1C76C71F-F98A-4427-8CE1-69BA7C70FA29}.AppStore|Any CPU.Build.0 = Release|Any CPU
		{1C76C71F-F98A-4427-8CE1-69BA7C70FA29}.AppStore|Any CPU.Deploy.0 = Release|Any CPU
		{1C76C71F-F98A-4427-8CE1-69BA7C70FA29}.AppStore|ARM.ActiveCfg = Release|Any CPU
		{1C76C71F-F98A-4427-8CE1-69BA7C70FA29}.AppStore|ARM.Build.0 = Release|Any CPU
		{1C76C71F-F98A-4427-8CE1-69BA7C70FA29}.AppStore|ARM.Deploy.0 = Release|Any CPU
		{1C76C71F-F98A-4427-8CE1-69BA7C70FA29}.AppStore|iPhone.ActiveCfg = Release|Any CPU
		{1C76C71F-F98A-4427-8CE1-69BA7C70FA29}.AppStore|iPhone.Build.0 = Release|Any CPU
		{1C76C71F-F98A-4427-8CE1-69BA7C70FA29}.AppStore|iPhone.Deploy.0 = Release|Any CPU
		{1C76C71F-F98A-4427-8CE1-69BA7C70FA29}.AppStore|iPhoneSimulator.ActiveCfg = Release|Any CPU
		{1C76C71F-F98A-4427-8CE1-69BA7C70FA29}.AppStore|iPhoneSimulator.Build.0 = Release|Any CPU
		{1C76C71F-F98A-4427-8CE1-69BA7C70FA29}.AppStore|iPhoneSimulator.Deploy.0 = Release|Any CPU
		{1C76C71F-F98A-4427-8CE1-69BA7C70FA29}.AppStore|x64.ActiveCfg = Release|Any CPU
		{1C76C71F-F98A-4427-8CE1-69BA7C70FA29}.AppStore|x64.Build.0 = Release|Any CPU
		{1C76C71F-F98A-4427-8CE1-69BA7C70FA29}.AppStore|x64.Deploy.0 = Release|Any CPU
		{1C76C71F-F98A-4427-8CE1-69BA7C70FA29}.AppStore|x86.ActiveCfg = Release|Any CPU
		{1C76C71F-F98A-4427-8CE1-69BA7C70FA29}.AppStore|x86.Build.0 = Release|Any CPU
		{1C76C71F-F98A-4427-8CE1-69BA7C70FA29}.AppStore|x86.Deploy.0 = Release|Any CPU
		{1C76C71F-F98A-4427-8CE1-69BA7C70FA29}.Debug|Any CPU.ActiveCfg = Debug|Any CPU
		{1C76C71F-F98A-4427-8CE1-69BA7C70FA29}.Debug|Any CPU.Build.0 = Debug|Any CPU
		{1C76C71F-F98A-4427-8CE1-69BA7C70FA29}.Debug|Any CPU.Deploy.0 = Debug|Any CPU
		{1C76C71F-F98A-4427-8CE1-69BA7C70FA29}.Debug|ARM.ActiveCfg = Debug|Any CPU
		{1C76C71F-F98A-4427-8CE1-69BA7C70FA29}.Debug|ARM.Build.0 = Debug|Any CPU
		{1C76C71F-F98A-4427-8CE1-69BA7C70FA29}.Debug|ARM.Deploy.0 = Debug|Any CPU
		{1C76C71F-F98A-4427-8CE1-69BA7C70FA29}.Debug|iPhone.ActiveCfg = Debug|Any CPU
		{1C76C71F-F98A-4427-8CE1-69BA7C70FA29}.Debug|iPhone.Build.0 = Debug|Any CPU
		{1C76C71F-F98A-4427-8CE1-69BA7C70FA29}.Debug|iPhone.Deploy.0 = Debug|Any CPU
		{1C76C71F-F98A-4427-8CE1-69BA7C70FA29}.Debug|iPhoneSimulator.ActiveCfg = Debug|Any CPU
		{1C76C71F-F98A-4427-8CE1-69BA7C70FA29}.Debug|iPhoneSimulator.Build.0 = Debug|Any CPU
		{1C76C71F-F98A-4427-8CE1-69BA7C70FA29}.Debug|iPhoneSimulator.Deploy.0 = Debug|Any CPU
		{1C76C71F-F98A-4427-8CE1-69BA7C70FA29}.Debug|x64.ActiveCfg = Debug|Any CPU
		{1C76C71F-F98A-4427-8CE1-69BA7C70FA29}.Debug|x64.Build.0 = Debug|Any CPU
		{1C76C71F-F98A-4427-8CE1-69BA7C70FA29}.Debug|x64.Deploy.0 = Debug|Any CPU
		{1C76C71F-F98A-4427-8CE1-69BA7C70FA29}.Debug|x86.ActiveCfg = Debug|Any CPU
		{1C76C71F-F98A-4427-8CE1-69BA7C70FA29}.Debug|x86.Build.0 = Debug|Any CPU
		{1C76C71F-F98A-4427-8CE1-69BA7C70FA29}.Debug|x86.Deploy.0 = Debug|Any CPU
		{1C76C71F-F98A-4427-8CE1-69BA7C70FA29}.Release|Any CPU.ActiveCfg = Release|Any CPU
		{1C76C71F-F98A-4427-8CE1-69BA7C70FA29}.Release|Any CPU.Build.0 = Release|Any CPU
		{1C76C71F-F98A-4427-8CE1-69BA7C70FA29}.Release|Any CPU.Deploy.0 = Release|Any CPU
		{1C76C71F-F98A-4427-8CE1-69BA7C70FA29}.Release|ARM.ActiveCfg = Release|Any CPU
		{1C76C71F-F98A-4427-8CE1-69BA7C70FA29}.Release|ARM.Build.0 = Release|Any CPU
		{1C76C71F-F98A-4427-8CE1-69BA7C70FA29}.Release|ARM.Deploy.0 = Release|Any CPU
		{1C76C71F-F98A-4427-8CE1-69BA7C70FA29}.Release|iPhone.ActiveCfg = Release|Any CPU
		{1C76C71F-F98A-4427-8CE1-69BA7C70FA29}.Release|iPhone.Build.0 = Release|Any CPU
		{1C76C71F-F98A-4427-8CE1-69BA7C70FA29}.Release|iPhone.Deploy.0 = Release|Any CPU
		{1C76C71F-F98A-4427-8CE1-69BA7C70FA29}.Release|iPhoneSimulator.ActiveCfg = Release|Any CPU
		{1C76C71F-F98A-4427-8CE1-69BA7C70FA29}.Release|iPhoneSimulator.Build.0 = Release|Any CPU
		{1C76C71F-F98A-4427-8CE1-69BA7C70FA29}.Release|iPhoneSimulator.Deploy.0 = Release|Any CPU
		{1C76C71F-F98A-4427-8CE1-69BA7C70FA29}.Release|x64.ActiveCfg = Release|Any CPU
		{1C76C71F-F98A-4427-8CE1-69BA7C70FA29}.Release|x64.Build.0 = Release|Any CPU
		{1C76C71F-F98A-4427-8CE1-69BA7C70FA29}.Release|x64.Deploy.0 = Release|Any CPU
		{1C76C71F-F98A-4427-8CE1-69BA7C70FA29}.Release|x86.ActiveCfg = Release|Any CPU
		{1C76C71F-F98A-4427-8CE1-69BA7C70FA29}.Release|x86.Build.0 = Release|Any CPU
		{1C76C71F-F98A-4427-8CE1-69BA7C70FA29}.Release|x86.Deploy.0 = Release|Any CPU
		{FC1504C1-078E-4EA8-9080-88B94460B00C}.Ad-Hoc|Any CPU.ActiveCfg = Release|Any CPU
		{FC1504C1-078E-4EA8-9080-88B94460B00C}.Ad-Hoc|Any CPU.Build.0 = Release|Any CPU
		{FC1504C1-078E-4EA8-9080-88B94460B00C}.Ad-Hoc|ARM.ActiveCfg = Release|Any CPU
		{FC1504C1-078E-4EA8-9080-88B94460B00C}.Ad-Hoc|ARM.Build.0 = Release|Any CPU
		{FC1504C1-078E-4EA8-9080-88B94460B00C}.Ad-Hoc|iPhone.ActiveCfg = Release|Any CPU
		{FC1504C1-078E-4EA8-9080-88B94460B00C}.Ad-Hoc|iPhone.Build.0 = Release|Any CPU
		{FC1504C1-078E-4EA8-9080-88B94460B00C}.Ad-Hoc|iPhoneSimulator.ActiveCfg = Release|Any CPU
		{FC1504C1-078E-4EA8-9080-88B94460B00C}.Ad-Hoc|iPhoneSimulator.Build.0 = Release|Any CPU
		{FC1504C1-078E-4EA8-9080-88B94460B00C}.Ad-Hoc|x64.ActiveCfg = Release|Any CPU
		{FC1504C1-078E-4EA8-9080-88B94460B00C}.Ad-Hoc|x64.Build.0 = Release|Any CPU
		{FC1504C1-078E-4EA8-9080-88B94460B00C}.Ad-Hoc|x86.ActiveCfg = Release|Any CPU
		{FC1504C1-078E-4EA8-9080-88B94460B00C}.Ad-Hoc|x86.Build.0 = Release|Any CPU
		{FC1504C1-078E-4EA8-9080-88B94460B00C}.AppStore|Any CPU.ActiveCfg = Release|Any CPU
		{FC1504C1-078E-4EA8-9080-88B94460B00C}.AppStore|Any CPU.Build.0 = Release|Any CPU
		{FC1504C1-078E-4EA8-9080-88B94460B00C}.AppStore|ARM.ActiveCfg = Release|Any CPU
		{FC1504C1-078E-4EA8-9080-88B94460B00C}.AppStore|ARM.Build.0 = Release|Any CPU
		{FC1504C1-078E-4EA8-9080-88B94460B00C}.AppStore|iPhone.ActiveCfg = Release|Any CPU
		{FC1504C1-078E-4EA8-9080-88B94460B00C}.AppStore|iPhone.Build.0 = Release|Any CPU
		{FC1504C1-078E-4EA8-9080-88B94460B00C}.AppStore|iPhoneSimulator.ActiveCfg = Release|Any CPU
		{FC1504C1-078E-4EA8-9080-88B94460B00C}.AppStore|iPhoneSimulator.Build.0 = Release|Any CPU
		{FC1504C1-078E-4EA8-9080-88B94460B00C}.AppStore|x64.ActiveCfg = Release|Any CPU
		{FC1504C1-078E-4EA8-9080-88B94460B00C}.AppStore|x64.Build.0 = Release|Any CPU
		{FC1504C1-078E-4EA8-9080-88B94460B00C}.AppStore|x86.ActiveCfg = Release|Any CPU
		{FC1504C1-078E-4EA8-9080-88B94460B00C}.AppStore|x86.Build.0 = Release|Any CPU
		{FC1504C1-078E-4EA8-9080-88B94460B00C}.Debug|Any CPU.ActiveCfg = Debug|Any CPU
		{FC1504C1-078E-4EA8-9080-88B94460B00C}.Debug|Any CPU.Build.0 = Debug|Any CPU
		{FC1504C1-078E-4EA8-9080-88B94460B00C}.Debug|ARM.ActiveCfg = Debug|Any CPU
		{FC1504C1-078E-4EA8-9080-88B94460B00C}.Debug|ARM.Build.0 = Debug|Any CPU
		{FC1504C1-078E-4EA8-9080-88B94460B00C}.Debug|iPhone.ActiveCfg = Debug|Any CPU
		{FC1504C1-078E-4EA8-9080-88B94460B00C}.Debug|iPhone.Build.0 = Debug|Any CPU
		{FC1504C1-078E-4EA8-9080-88B94460B00C}.Debug|iPhoneSimulator.ActiveCfg = Debug|Any CPU
		{FC1504C1-078E-4EA8-9080-88B94460B00C}.Debug|iPhoneSimulator.Build.0 = Debug|Any CPU
		{FC1504C1-078E-4EA8-9080-88B94460B00C}.Debug|x64.ActiveCfg = Debug|Any CPU
		{FC1504C1-078E-4EA8-9080-88B94460B00C}.Debug|x64.Build.0 = Debug|Any CPU
		{FC1504C1-078E-4EA8-9080-88B94460B00C}.Debug|x86.ActiveCfg = Debug|Any CPU
		{FC1504C1-078E-4EA8-9080-88B94460B00C}.Debug|x86.Build.0 = Debug|Any CPU
		{FC1504C1-078E-4EA8-9080-88B94460B00C}.Release|Any CPU.ActiveCfg = Release|Any CPU
		{FC1504C1-078E-4EA8-9080-88B94460B00C}.Release|Any CPU.Build.0 = Release|Any CPU
		{FC1504C1-078E-4EA8-9080-88B94460B00C}.Release|ARM.ActiveCfg = Release|Any CPU
		{FC1504C1-078E-4EA8-9080-88B94460B00C}.Release|ARM.Build.0 = Release|Any CPU
		{FC1504C1-078E-4EA8-9080-88B94460B00C}.Release|iPhone.ActiveCfg = Release|Any CPU
		{FC1504C1-078E-4EA8-9080-88B94460B00C}.Release|iPhone.Build.0 = Release|Any CPU
		{FC1504C1-078E-4EA8-9080-88B94460B00C}.Release|iPhoneSimulator.ActiveCfg = Release|Any CPU
		{FC1504C1-078E-4EA8-9080-88B94460B00C}.Release|iPhoneSimulator.Build.0 = Release|Any CPU
		{FC1504C1-078E-4EA8-9080-88B94460B00C}.Release|x64.ActiveCfg = Release|Any CPU
		{FC1504C1-078E-4EA8-9080-88B94460B00C}.Release|x64.Build.0 = Release|Any CPU
		{FC1504C1-078E-4EA8-9080-88B94460B00C}.Release|x86.ActiveCfg = Release|Any CPU
		{FC1504C1-078E-4EA8-9080-88B94460B00C}.Release|x86.Build.0 = Release|Any CPU
	EndGlobalSection
	GlobalSection(SolutionProperties) = preSolution
		HideSolutionNode = FALSE
	EndGlobalSection
EndGlobal
